
Microsoft Visual Studio Solution File, Format Version 12.00
# Visual Studio 15
Project("{FAE04EC0-301F-11D3-BF4B-00C04F79EFBC}") = "Jelly Jump Game", "Assembly-CSharp-firstpass.csproj", "{842B26F7-617E-750F-BFDD-1DA94E5E0453}"
EndProject
Project("{FAE04EC0-301F-11D3-BF4B-00C04F79EFBC}") = "Jelly Jump Game", "Assembly-CSharp.csproj", "{D35367DB-9E45-5514-DEF3-0BEF2D8A28D6}"
EndProject
Project("{FAE04EC0-301F-11D3-BF4B-00C04F79EFBC}") = "Jelly Jump Game", "Assembly-CSharp-Editor-firstpass.csproj", "{B3EDC7DC-AECA-4885-ABC5-E321944E86AB}"
EndProject
Project("{FAE04EC0-301F-11D3-BF4B-00C04F79EFBC}") = "Jelly Jump Game", "Assembly-CSharp-Editor.csproj", "{37D86253-8E1F-7104-C81E-2EADF14DBF2B}"
EndProject
Global
	GlobalSection(SolutionConfigurationPlatforms) = preSolution
		Debug|Any CPU = Debug|Any CPU
		Release|Any CPU = Release|Any CPU
	EndGlobalSection
	GlobalSection(ProjectConfigurationPlatforms) = postSolution
		{842B26F7-617E-750F-BFDD-1DA94E5E0453}.Debug|Any CPU.ActiveCfg = Debug|Any CPU
		{842B26F7-617E-750F-BFDD-1DA94E5E0453}.Debug|Any CPU.Build.0 = Debug|Any CPU
		{842B26F7-617E-750F-BFDD-1DA94E5E0453}.Release|Any CPU.ActiveCfg = Release|Any CPU
		{842B26F7-617E-750F-BFDD-1DA94E5E0453}.Release|Any CPU.Build.0 = Release|Any CPU
		{D35367DB-9E45-5514-DEF3-0BEF2D8A28D6}.Debug|Any CPU.ActiveCfg = Debug|Any CPU
		{D35367DB-9E45-5514-DEF3-0BEF2D8A28D6}.Debug|Any CPU.Build.0 = Debug|Any CPU
		{D35367DB-9E45-5514-DEF3-0BEF2D8A28D6}.Release|Any CPU.ActiveCfg = Release|Any CPU
		{D35367DB-9E45-5514-DEF3-0BEF2D8A28D6}.Release|Any CPU.Build.0 = Release|Any CPU
		{B3EDC7DC-AECA-4885-ABC5-E321944E86AB}.Debug|Any CPU.ActiveCfg = Debug|Any CPU
		{B3EDC7DC-AECA-4885-ABC5-E321944E86AB}.Debug|Any CPU.Build.0 = Debug|Any CPU
		{B3EDC7DC-AECA-4885-ABC5-E321944E86AB}.Release|Any CPU.ActiveCfg = Release|Any CPU
		{B3EDC7DC-AECA-4885-ABC5-E321944E86AB}.Release|Any CPU.Build.0 = Release|Any CPU
		{37D86253-8E1F-7104-C81E-2EADF14DBF2B}.Debug|Any CPU.ActiveCfg = Debug|Any CPU
		{37D86253-8E1F-7104-C81E-2EADF14DBF2B}.Debug|Any CPU.Build.0 = Debug|Any CPU
		{37D86253-8E1F-7104-C81E-2EADF14DBF2B}.Release|Any CPU.ActiveCfg = Release|Any CPU
		{37D86253-8E1F-7104-C81E-2EADF14DBF2B}.Release|Any CPU.Build.0 = Release|Any CPU
	EndGlobalSection
	GlobalSection(SolutionProperties) = preSolution
		HideSolutionNode = FALSE
	EndGlobalSection
EndGlobal
