
Microsoft Visual Studio Solution File, Format Version 12.00
# Visual Studio 15
VisualStudioVersion = 15.0.27130.0
MinimumVisualStudioVersion = 10.0.40219.1
Project("{FAE04EC0-301F-11D3-BF4B-00C04F79EFBC}") = "StoreSystem", "StoreSystem\StoreSystem.csproj", "{2D4FEE96-CCFB-42AC-9EE8-31928A5A15A7}"
EndProject
Global
	GlobalSection(SolutionConfigurationPlatforms) = preSolution
		Debug|Any CPU = Debug|Any CPU
		Release|Any CPU = Release|Any CPU
	EndGlobalSection
	GlobalSection(ProjectConfigurationPlatforms) = postSolution
		{2D4FEE96-CCFB-42AC-9EE8-31928A5A15A7}.Debug|Any CPU.ActiveCfg = Debug|Any CPU
		{2D4FEE96-CCFB-42AC-9EE8-31928A5A15A7}.Debug|Any CPU.Build.0 = Debug|Any CPU
		{2D4FEE96-CCFB-42AC-9EE8-31928A5A15A7}.Release|Any CPU.ActiveCfg = Release|Any CPU
		{2D4FEE96-CCFB-42AC-9EE8-31928A5A15A7}.Release|Any CPU.Build.0 = Release|Any CPU
	EndGlobalSection
	GlobalSection(SolutionProperties) = preSolution
		HideSolutionNode = FALSE
	EndGlobalSection
	GlobalSection(ExtensibilityGlobals) = postSolution
		SolutionGuid = {911F4C60-6325-4B00-890D-1BF7899EBFD9}
	EndGlobalSection
EndGlobal
